// !$*UTF8*$!
{
	archiveVersion = 1;
	classes = {
	};
	objectVersion = 46;
	objects = {

/* Begin PBXBuildFile section */
		DF8B6A011A30080C003B89A8 /* main.m in Sources */ = {isa = PBXBuildFile; fileRef = DF8B6A001A30080C003B89A8 /* main.m */; };
		DF8B6A041A30080C003B89A8 /* AppDelegate.m in Sources */ = {isa = PBXBuildFile; fileRef = DF8B6A031A30080C003B89A8 /* AppDelegate.m */; };
		DF8B6A071A30080C003B89A8 /* MasterViewController.m in Sources */ = {isa = PBXBuildFile; fileRef = DF8B6A061A30080C003B89A8 /* MasterViewController.m */; };
		DF8B6A0A1A30080C003B89A8 /* DetailViewController.m in Sources */ = {isa = PBXBuildFile; fileRef = DF8B6A091A30080C003B89A8 /* DetailViewController.m */; };
		DF8B6A0D1A30080C003B89A8 /* Main.storyboard in Resources */ = {isa = PBXBuildFile; fileRef = DF8B6A0B1A30080C003B89A8 /* Main.storyboard */; };
		DF8B6A0F1A30080C003B89A8 /* Images.xcassets in Resources */ = {isa = PBXBuildFile; fileRef = DF8B6A0E1A30080C003B89A8 /* Images.xcassets */; };
		DF8B6A121A30080C003B89A8 /* LaunchScreen.xib in Resources */ = {isa = PBXBuildFile; fileRef = DF8B6A101A30080C003B89A8 /* LaunchScreen.xib */; };
		DF8B6A1E1A30080C003B89A8 /* TestGItTests.m in Sources */ = {isa = PBXBuildFile; fileRef = DF8B6A1D1A30080C003B89A8 /* TestGItTests.m */; };
/* End PBXBuildFile section */

/* Begin PBXContainerItemProxy section */
		DF8B6A181A30080C003B89A8 /* PBXContainerItemProxy */ = {
			isa = PBXContainerItemProxy;
			containerPortal = DF8B69F31A30080C003B89A8 /* Project object */;
			proxyType = 1;
			remoteGlobalIDString = DF8B69FA1A30080C003B89A8;
			remoteInfo = TestGIt;
		};
/* End PBXContainerItemProxy section */

/* Begin PBXFileReference section */
		DF8B69FB1A30080C003B89A8 /* TestGIt.app */ = {isa = PBXFileReference; explicitFileType = wrapper.application; includeInIndex = 0; path = TestGIt.app; sourceTree = BUILT_PRODUCTS_DIR; };
		DF8B69FF1A30080C003B89A8 /* Info.plist */ = {isa = PBXFileReference; lastKnownFileType = text.plist.xml; path = Info.plist; sourceTree = "<group>"; };
		DF8B6A001A30080C003B89A8 /* main.m */ = {isa = PBXFileReference; lastKnownFileType = sourcecode.c.objc; path = main.m; sourceTree = "<group>"; };
		DF8B6A021A30080C003B89A8 /* AppDelegate.h */ = {isa = PBXFileReference; lastKnownFileType = sourcecode.c.h; path = AppDelegate.h; sourceTree = "<group>"; };
		DF8B6A031A30080C003B89A8 /* AppDelegate.m */ = {isa = PBXFileReference; lastKnownFileType = sourcecode.c.objc; path = AppDelegate.m; sourceTree = "<group>"; };
		DF8B6A051A30080C003B89A8 /* MasterViewController.h */ = {isa = PBXFileReference; lastKnownFileType = sourcecode.c.h; path = MasterViewController.h; sourceTree = "<group>"; };
		DF8B6A061A30080C003B89A8 /* MasterViewController.m */ = {isa = PBXFileReference; lastKnownFileType = sourcecode.c.objc; path = MasterViewController.m; sourceTree = "<group>"; };
		DF8B6A081A30080C003B89A8 /* DetailViewController.h */ = {isa = PBXFileReference; lastKnownFileType = sourcecode.c.h; path = DetailViewController.h; sourceTree = "<group>"; };
		DF8B6A091A30080C003B89A8 /* DetailViewController.m */ = {isa = PBXFileReference; lastKnownFileType = sourcecode.c.objc; path = DetailViewController.m; sourceTree = "<group>"; };
		DF8B6A0C1A30080C003B89A8 /* Base */ = {isa = PBXFileReference; lastKnownFileType = file.storyboard; name = Base; path = Base.lproj/Main.storyboard; sourceTree = "<group>"; };
		DF8B6A0E1A30080C003B89A8 /* Images.xcassets */ = {isa = PBXFileReference; lastKnownFileType = folder.assetcatalog; path = Images.xcassets; sourceTree = "<group>"; };
		DF8B6A111A30080C003B89A8 /* Base */ = {isa = PBXFileReference; lastKnownFileType = file.xib; name = Base; path = Base.lproj/LaunchScreen.xib; sourceTree = "<group>"; };
		DF8B6A171A30080C003B89A8 /* TestGItTests.xctest */ = {isa = PBXFileReference; explicitFileType = wrapper.cfbundle; includeInIndex = 0; path = TestGItTests.xctest; sourceTree = BUILT_PRODUCTS_DIR; };
		DF8B6A1C1A30080C003B89A8 /* Info.plist */ = {isa = PBXFileReference; lastKnownFileType = text.plist.xml; path = Info.plist; sourceTree = "<group>"; };
		DF8B6A1D1A30080C003B89A8 /* TestGItTests.m */ = {isa = PBXFileReference; lastKnownFileType = sourcecode.c.objc; path = TestGItTests.m; sourceTree = "<group>"; };
/* End PBXFileReference section */

/* Begin PBXFrameworksBuildPhase section */
		DF8B69F81A30080C003B89A8 /* Frameworks */ = {
			isa = PBXFrameworksBuildPhase;
			buildActionMask = 2147483647;
			files = (
			);
			runOnlyForDeploymentPostprocessing = 0;
		};
		DF8B6A141A30080C003B89A8 /* Frameworks */ = {
			isa = PBXFrameworksBuildPhase;
			buildActionMask = 2147483647;
			files = (
			);
			runOnlyForDeploymentPostprocessing = 0;
		};
/* End PBXFrameworksBuildPhase section */

/* Begin PBXGroup section */
		DF8B69F21A30080C003B89A8 = {
			isa = PBXGroup;
			children = (
				DF8B69FD1A30080C003B89A8 /* TestGIt */,
				DF8B6A1A1A30080C003B89A8 /* TestGItTests */,
				DF8B69FC1A30080C003B89A8 /* Products */,
			);
			sourceTree = "<group>";
		};
		DF8B69FC1A30080C003B89A8 /* Products */ = {
			isa = PBXGroup;
			children = (
				DF8B69FB1A30080C003B89A8 /* TestGIt.app */,
				DF8B6A171A30080C003B89A8 /* TestGItTests.xctest */,
			);
			name = Products;
			sourceTree = "<group>";
		};
		DF8B69FD1A30080C003B89A8 /* TestGIt */ = {
			isa = PBXGroup;
			children = (
				DF8B6A021A30080C003B89A8 /* AppDelegate.h */,
				DF8B6A031A30080C003B89A8 /* AppDelegate.m */,
				DF8B6A051A30080C003B89A8 /* MasterViewController.h */,
				DF8B6A061A30080C003B89A8 /* MasterViewController.m */,
				DF8B6A081A30080C003B89A8 /* DetailViewController.h */,
				DF8B6A091A30080C003B89A8 /* DetailViewController.m */,
				DF8B6A0B1A30080C003B89A8 /* Main.storyboard */,
				DF8B6A0E1A30080C003B89A8 /* Images.xcassets */,
				DF8B6A101A30080C003B89A8 /* LaunchScreen.xib */,
				DF8B69FE1A30080C003B89A8 /* Supporting Files */,
			);
			path = TestGIt;
			sourceTree = "<group>";
		};
		DF8B69FE1A30080C003B89A8 /* Supporting Files */ = {
			isa = PBXGroup;
			children = (
				DF8B69FF1A30080C003B89A8 /* Info.plist */,
				DF8B6A001A30080C003B89A8 /* main.m */,
			);
			name = "Supporting Files";
			sourceTree = "<group>";
		};
		DF8B6A1A1A30080C003B89A8 /* TestGItTests */ = {
			isa = PBXGroup;
			children = (
				DF8B6A1D1A30080C003B89A8 /* TestGItTests.m */,
				DF8B6A1B1A30080C003B89A8 /* Supporting Files */,
			);
			path = TestGItTests;
			sourceTree = "<group>";
		};
		DF8B6A1B1A30080C003B89A8 /* Supporting Files */ = {
			isa = PBXGroup;
			children = (
				DF8B6A1C1A30080C003B89A8 /* Info.plist */,
			);
			name = "Supporting Files";
			sourceTree = "<group>";
		};
/* End PBXGroup section */

/* Begin PBXNativeTarget section */
		DF8B69FA1A30080C003B89A8 /* TestGIt */ = {
			isa = PBXNativeTarget;
			buildConfigurationList = DF8B6A211A30080C003B89A8 /* Build configuration list for PBXNativeTarget "TestGIt" */;
			buildPhases = (
				DF8B69F71A30080C003B89A8 /* Sources */,
				DF8B69F81A30080C003B89A8 /* Frameworks */,
				DF8B69F91A30080C003B89A8 /* Resources */,
			);
			buildRules = (
			);
			dependencies = (
			);
			name = TestGIt;
			productName = TestGIt;
			productReference = DF8B69FB1A30080C003B89A8 /* TestGIt.app */;
			productType = "com.apple.product-type.application";
		};
		DF8B6A161A30080C003B89A8 /* TestGItTests */ = {
			isa = PBXNativeTarget;
			buildConfigurationList = DF8B6A241A30080C003B89A8 /* Build configuration list for PBXNativeTarget "TestGItTests" */;
			buildPhases = (
				DF8B6A131A30080C003B89A8 /* Sources */,
				DF8B6A141A30080C003B89A8 /* Frameworks */,
				DF8B6A151A30080C003B89A8 /* Resources */,
			);
			buildRules = (
			);
			dependencies = (
				DF8B6A191A30080C003B89A8 /* PBXTargetDependency */,
			);
			name = TestGItTests;
			productName = TestGItTests;
			productReference = DF8B6A171A30080C003B89A8 /* TestGItTests.xctest */;
			productType = "com.apple.product-type.bundle.unit-test";
		};
/* End PBXNativeTarget section */

/* Begin PBXProject section */
		DF8B69F31A30080C003B89A8 /* Project object */ = {
			isa = PBXProject;
			attributes = {
				LastUpgradeCheck = 0600;
				ORGANIZATIONNAME = "王国帅";
				TargetAttributes = {
					DF8B69FA1A30080C003B89A8 = {
						CreatedOnToolsVersion = 6.0.1;
					};
					DF8B6A161A30080C003B89A8 = {
						CreatedOnToolsVersion = 6.0.1;
						TestTargetID = DF8B69FA1A30080C003B89A8;
					};
				};
			};
			buildConfigurationList = DF8B69F61A30080C003B89A8 /* Build configuration list for PBXProject "TestGIt" */;
			compatibilityVersion = "Xcode 3.2";
			developmentRegion = English;
			hasScannedForEncodings = 0;
			knownRegions = (
				en,
				Base,
			);
			mainGroup = DF8B69F21A30080C003B89A8;
			productRefGroup = DF8B69FC1A30080C003B89A8 /* Products */;
			projectDirPath = "";
			projectRoot = "";
			targets = (
				DF8B69FA1A30080C003B89A8 /* TestGIt */,
				DF8B6A161A30080C003B89A8 /* TestGItTests */,
			);
		};
/* End PBXProject section */

/* Begin PBXResourcesBuildPhase section */
		DF8B69F91A30080C003B89A8 /* Resources */ = {
			isa = PBXResourcesBuildPhase;
			buildActionMask = 2147483647;
			files = (
				DF8B6A0D1A30080C003B89A8 /* Main.storyboard in Resources */,
				DF8B6A121A30080C003B89A8 /* LaunchScreen.xib in Resources */,
				DF8B6A0F1A30080C003B89A8 /* Images.xcassets in Resources */,
			);
			runOnlyForDeploymentPostprocessing = 0;
		};
		DF8B6A151A30080C003B89A8 /* Resources */ = {
			isa = PBXResourcesBuildPhase;
			buildActionMask = 2147483647;
			files = (
			);
			runOnlyForDeploymentPostprocessing = 0;
		};
/* End PBXResourcesBuildPhase section */

/* Begin PBXSourcesBuildPhase section */
		DF8B69F71A30080C003B89A8 /* Sources */ = {
			isa = PBXSourcesBuildPhase;
			buildActionMask = 2147483647;
			files = (
				DF8B6A041A30080C003B89A8 /* AppDelegate.m in Sources */,
				DF8B6A071A30080C003B89A8 /* MasterViewController.m in Sources */,
				DF8B6A011A30080C003B89A8 /* main.m in Sources */,
				DF8B6A0A1A30080C003B89A8 /* DetailViewController.m in Sources */,
			);
			runOnlyForDeploymentPostprocessing = 0;
		};
		DF8B6A131A30080C003B89A8 /* Sources */ = {
			isa = PBXSourcesBuildPhase;
			buildActionMask = 2147483647;
			files = (
				DF8B6A1E1A30080C003B89A8 /* TestGItTests.m in Sources */,
			);
			runOnlyForDeploymentPostprocessing = 0;
		};
/* End PBXSourcesBuildPhase section */

/* Begin PBXTargetDependency section */
		DF8B6A191A30080C003B89A8 /* PBXTargetDependency */ = {
			isa = PBXTargetDependency;
			target = DF8B69FA1A30080C003B89A8 /* TestGIt */;
			targetProxy = DF8B6A181A30080C003B89A8 /* PBXContainerItemProxy */;
		};
/* End PBXTargetDependency section */

/* Begin PBXVariantGroup section */
		DF8B6A0B1A30080C003B89A8 /* Main.storyboard */ = {
			isa = PBXVariantGroup;
			children = (
				DF8B6A0C1A30080C003B89A8 /* Base */,
			);
			name = Main.storyboard;
			sourceTree = "<group>";
		};
		DF8B6A101A30080C003B89A8 /* LaunchScreen.xib */ = {
			isa = PBXVariantGroup;
			children = (
				DF8B6A111A30080C003B89A8 /* Base */,
			);
			name = LaunchScreen.xib;
			sourceTree = "<group>";
		};
/* End PBXVariantGroup section */

/* Begin XCBuildConfiguration section */
		DF8B6A1F1A30080C003B89A8 /* Debug */ = {
			isa = XCBuildConfiguration;
			buildSettings = {
				ALWAYS_SEARCH_USER_PATHS = NO;
				CLANG_CXX_LANGUAGE_STANDARD = "gnu++0x";
				CLANG_CXX_LIBRARY = "libc++";
				CLANG_ENABLE_MODULES = YES;
				CLANG_ENABLE_OBJC_ARC = YES;
				CLANG_WARN_BOOL_CONVERSION = YES;
				CLANG_WARN_CONSTANT_CONVERSION = YES;
				CLANG_WARN_DIRECT_OBJC_ISA_USAGE = YES_ERROR;
				CLANG_WARN_EMPTY_BODY = YES;
				CLANG_WARN_ENUM_CONVERSION = YES;
				CLANG_WARN_INT_CONVERSION = YES;
				CLANG_WARN_OBJC_ROOT_CLASS = YES_ERROR;
				CLANG_WARN_UNREACHABLE_CODE = YES;
				CLANG_WARN__DUPLICATE_METHOD_MATCH = YES;
				"CODE_SIGN_IDENTITY[sdk=iphoneos*]" = "iPhone Developer";
				COPY_PHASE_STRIP = NO;
				ENABLE_STRICT_OBJC_MSGSEND = YES;
				GCC_C_LANGUAGE_STANDARD = gnu99;
				GCC_DYNAMIC_NO_PIC = NO;
				GCC_OPTIMIZATION_LEVEL = 0;
				GCC_PREPROCESSOR_DEFINITIONS = (
					"DEBUG=1",
					"$(inherited)",
				);
				GCC_SYMBOLS_PRIVATE_EXTERN = NO;
				GCC_WARN_64_TO_32_BIT_CONVERSION = YES;
				GCC_WARN_ABOUT_RETURN_TYPE = YES_ERROR;
				GCC_WARN_UNDECLARED_SELECTOR = YES;
				GCC_WARN_UNINITIALIZED_AUTOS = YES_AGGRESSIVE;
				GCC_WARN_UNUSED_FUNCTION = YES;
				GCC_WARN_UNUSED_VARIABLE = YES;
				IPHONEOS_DEPLOYMENT_TARGET = 8.0;
				MTL_ENABLE_DEBUG_INFO = YES;
				ONLY_ACTIVE_ARCH = YES;
				SDKROOT = iphoneos;
			};
			name = Debug;
		};
		DF8B6A201A30080C003B89A8 /* Release */ = {
			isa = XCBuildConfiguration;
			buildSettings = {
				ALWAYS_SEARCH_USER_PATHS = NO;
				CLANG_CXX_LANGUAGE_STANDARD = "gnu++0x";
				CLANG_CXX_LIBRARY = "libc++";
				CLANG_ENABLE_MODULES = YES;
				CLANG_ENABLE_OBJC_ARC = YES;
				CLANG_WARN_BOOL_CONVERSION = YES;
				CLANG_WARN_CONSTANT_CONVERSION = YES;
				CLANG_WARN_DIRECT_OBJC_ISA_USAGE = YES_ERROR;
				CLANG_WARN_EMPTY_BODY = YES;
				CLANG_WARN_ENUM_CONVERSION = YES;
				CLANG_WARN_INT_CONVERSION = YES;
				CLANG_WARN_OBJC_ROOT_CLASS = YES_ERROR;
				CLANG_WARN_UNREACHABLE_CODE = YES;
				CLANG_WARN__DUPLICATE_METHOD_MATCH = YES;
				"CODE_SIGN_IDENTITY[sdk=iphoneos*]" = "iPhone Developer";
				COPY_PHASE_STRIP = YES;
				ENABLE_NS_ASSERTIONS = NO;
				ENABLE_STRICT_OBJC_MSGSEND = YES;
				GCC_C_LANGUAGE_STANDARD = gnu99;
				GCC_WARN_64_TO_32_BIT_CONVERSION = YES;
				GCC_WARN_ABOUT_RETURN_TYPE = YES_ERROR;
				GCC_WARN_UNDECLARED_SELECTOR = YES;
				GCC_WARN_UNINITIALIZED_AUTOS = YES_AGGRESSIVE;
				GCC_WARN_UNUSED_FUNCTION = YES;
				GCC_WARN_UNUSED_VARIABLE = YES;
				IPHONEOS_DEPLOYMENT_TARGET = 8.0;
				MTL_ENABLE_DEBUG_INFO = NO;
				SDKROOT = iphoneos;
				VALIDATE_PRODUCT = YES;
			};
			name = Release;
		};
		DF8B6A221A30080C003B89A8 /* Debug */ = {
			isa = XCBuildConfiguration;
			buildSettings = {
				ASSETCATALOG_COMPILER_APPICON_NAME = AppIcon;
				INFOPLIST_FILE = TestGIt/Info.plist;
				LD_RUNPATH_SEARCH_PATHS = "$(inherited) @executable_path/Frameworks";
				PRODUCT_NAME = "$(TARGET_NAME)";
			};
			name = Debug;
		};
		DF8B6A231A30080C003B89A8 /* Release */ = {
			isa = XCBuildConfiguration;
			buildSettings = {
				ASSETCATALOG_COMPILER_APPICON_NAME = AppIcon;
				INFOPLIST_FILE = TestGIt/Info.plist;
				LD_RUNPATH_SEARCH_PATHS = "$(inherited) @executable_path/Frameworks";
				PRODUCT_NAME = "$(TARGET_NAME)";
			};
			name = Release;
		};
		DF8B6A251A30080C003B89A8 /* Debug */ = {
			isa = XCBuildConfiguration;
			buildSettings = {
				BUNDLE_LOADER = "$(TEST_HOST)";
				FRAMEWORK_SEARCH_PATHS = (
					"$(SDKROOT)/Developer/Library/Frameworks",
					"$(inherited)",
				);
				GCC_PREPROCESSOR_DEFINITIONS = (
					"DEBUG=1",
					"$(inherited)",
				);
				INFOPLIST_FILE = TestGItTests/Info.plist;
				LD_RUNPATH_SEARCH_PATHS = "$(inherited) @executable_path/Frameworks @loader_path/Frameworks";
				PRODUCT_NAME = "$(TARGET_NAME)";
				TEST_HOST = "$(BUILT_PRODUCTS_DIR)/TestGIt.app/TestGIt";
			};
			name = Debug;
		};
		DF8B6A261A30080C003B89A8 /* Release */ = {
			isa = XCBuildConfiguration;
			buildSettings = {
				BUNDLE_LOADER = "$(TEST_HOST)";
				FRAMEWORK_SEARCH_PATHS = (
					"$(SDKROOT)/Developer/Library/Frameworks",
					"$(inherited)",
				);
				INFOPLIST_FILE = TestGItTests/Info.plist;
				LD_RUNPATH_SEARCH_PATHS = "$(inherited) @executable_path/Frameworks @loader_path/Frameworks";
				PRODUCT_NAME = "$(TARGET_NAME)";
				TEST_HOST = "$(BUILT_PRODUCTS_DIR)/TestGIt.app/TestGIt";
			};
			name = Release;
		};
/* End XCBuildConfiguration section */

/* Begin XCConfigurationList section */
		DF8B69F61A30080C003B89A8 /* Build configuration list for PBXProject "TestGIt" */ = {
			isa = XCConfigurationList;
			buildConfigurations = (
				DF8B6A1F1A30080C003B89A8 /* Debug */,
				DF8B6A201A30080C003B89A8 /* Release */,
			);
			defaultConfigurationIsVisible = 0;
			defaultConfigurationName = Release;
		};
		DF8B6A211A30080C003B89A8 /* Build configuration list for PBXNativeTarget "TestGIt" */ = {
			isa = XCConfigurationList;
			buildConfigurations = (
				DF8B6A221A30080C003B89A8 /* Debug */,
				DF8B6A231A30080C003B89A8 /* Release */,
			);
			defaultConfigurationIsVisible = 0;
		};
		DF8B6A241A30080C003B89A8 /* Build configuration list for PBXNativeTarget "TestGItTests" */ = {
			isa = XCConfigurationList;
			buildConfigurations = (
				DF8B6A251A30080C003B89A8 /* Debug */,
				DF8B6A261A30080C003B89A8 /* Release */,
			);
			defaultConfigurationIsVisible = 0;
		};
/* End XCConfigurationList section */
	};
	rootObject = DF8B69F31A30080C003B89A8 /* Project object */;
}
